
Microsoft Visual Studio Solution File, Format Version 12.00
# Visual Studio Version 17
VisualStudioVersion = 17.11.35222.181
MinimumVisualStudioVersion = 10.0.40219.1
Project("{FAE04EC0-301F-11D3-BF4B-00C04F79EFBC}") = "KampDers1", "KampDers1\KampDers1.csproj", "{6D6286D1-AB3E-4645-81DF-AD79B2697505}"
EndProject
Project("{FAE04EC0-301F-11D3-BF4B-00C04F79EFBC}") = "KampDers2", "KampDers2\KampDers2.csproj", "{5CB1ECF8-5738-4B01-8339-B47A72D3734E}"
EndProject
Project("{FAE04EC0-301F-11D3-BF4B-00C04F79EFBC}") = "KampDers3", "KampDers3\KampDers3.csproj", "{E35C4872-0A0E-4165-9125-4444C5E94213}"
EndProject
Global
	GlobalSection(SolutionConfigurationPlatforms) = preSolution
		Debug|Any CPU = Debug|Any CPU
		Release|Any CPU = Release|Any CPU
	EndGlobalSection
	GlobalSection(ProjectConfigurationPlatforms) = postSolution
		{6D6286D1-AB3E-4645-81DF-AD79B2697505}.Debug|Any CPU.ActiveCfg = Debug|Any CPU
		{6D6286D1-AB3E-4645-81DF-AD79B2697505}.Debug|Any CPU.Build.0 = Debug|Any CPU
		{6D6286D1-AB3E-4645-81DF-AD79B2697505}.Release|Any CPU.ActiveCfg = Release|Any CPU
		{6D6286D1-AB3E-4645-81DF-AD79B2697505}.Release|Any CPU.Build.0 = Release|Any CPU
		{5CB1ECF8-5738-4B01-8339-B47A72D3734E}.Debug|Any CPU.ActiveCfg = Debug|Any CPU
		{5CB1ECF8-5738-4B01-8339-B47A72D3734E}.Debug|Any CPU.Build.0 = Debug|Any CPU
		{5CB1ECF8-5738-4B01-8339-B47A72D3734E}.Release|Any CPU.ActiveCfg = Release|Any CPU
		{5CB1ECF8-5738-4B01-8339-B47A72D3734E}.Release|Any CPU.Build.0 = Release|Any CPU
		{E35C4872-0A0E-4165-9125-4444C5E94213}.Debug|Any CPU.ActiveCfg = Debug|Any CPU
		{E35C4872-0A0E-4165-9125-4444C5E94213}.Debug|Any CPU.Build.0 = Debug|Any CPU
		{E35C4872-0A0E-4165-9125-4444C5E94213}.Release|Any CPU.ActiveCfg = Release|Any CPU
		{E35C4872-0A0E-4165-9125-4444C5E94213}.Release|Any CPU.Build.0 = Release|Any CPU
	EndGlobalSection
	GlobalSection(SolutionProperties) = preSolution
		HideSolutionNode = FALSE
	EndGlobalSection
	GlobalSection(ExtensibilityGlobals) = postSolution
		SolutionGuid = {71926B48-9F72-4893-9D4D-018FE2919F75}
	EndGlobalSection
EndGlobal
